// !$*UTF8*$!
{
	archiveVersion = 1;
	classes = {
	};
	objectVersion = 46;
	objects = {

/* Begin PBXBuildFile section */
		20316FD32005C3D000C3033D /* MainViewController.swift in Sources */ = {isa = PBXBuildFile; fileRef = 20316FD22005C3D000C3033D /* MainViewController.swift */; };
		20BE5C892005C5950026AFBC /* HTTPSessionManager.swift in Sources */ = {isa = PBXBuildFile; fileRef = 20BE5C872005C5950026AFBC /* HTTPSessionManager.swift */; };
		20BE5C8A2005C5950026AFBC /* ObjectEvent.swift in Sources */ = {isa = PBXBuildFile; fileRef = 20BE5C882005C5950026AFBC /* ObjectEvent.swift */; };
		20BE5C8C2005C5A50026AFBC /* placeholder.png in Resources */ = {isa = PBXBuildFile; fileRef = 20BE5C8B2005C5A50026AFBC /* placeholder.png */; };
		20BE5C8E2005C7310026AFBC /* InitBL.swift in Sources */ = {isa = PBXBuildFile; fileRef = 20BE5C8D2005C7310026AFBC /* InitBL.swift */; };
		20BE5C932005D35F0026AFBC /* SenditCoreData.xcdatamodeld in Sources */ = {isa = PBXBuildFile; fileRef = 20BE5C912005D35F0026AFBC /* SenditCoreData.xcdatamodeld */; };
		20BE5CA52005DA180026AFBC /* ItemModel.swift in Sources */ = {isa = PBXBuildFile; fileRef = 20BE5CA42005DA180026AFBC /* ItemModel.swift */; };
		20BE5CAC2005DCCF0026AFBC /* Item+CoreDataClass.swift in Sources */ = {isa = PBXBuildFile; fileRef = 20BE5CAA2005DCCF0026AFBC /* Item+CoreDataClass.swift */; };
		20BE5CAD2005DCCF0026AFBC /* Item+CoreDataProperties.swift in Sources */ = {isa = PBXBuildFile; fileRef = 20BE5CAB2005DCCF0026AFBC /* Item+CoreDataProperties.swift */; };
		20BE5CAF2005DD940026AFBC /* CoreDataAdapter.swift in Sources */ = {isa = PBXBuildFile; fileRef = 20BE5CAE2005DD940026AFBC /* CoreDataAdapter.swift */; };
		20BE5CB120060A880026AFBC /* ItemTableViewCell.swift in Sources */ = {isa = PBXBuildFile; fileRef = 20BE5CB020060A880026AFBC /* ItemTableViewCell.swift */; };
		20BE5CB320060D2A0026AFBC /* ItemViewModel.swift in Sources */ = {isa = PBXBuildFile; fileRef = 20BE5CB220060D2A0026AFBC /* ItemViewModel.swift */; };
		20CF5E5E2003CE420012C8F3 /* AppDelegate.swift in Sources */ = {isa = PBXBuildFile; fileRef = 20CF5E5D2003CE420012C8F3 /* AppDelegate.swift */; };
		20CF5E632003CE420012C8F3 /* Main.storyboard in Resources */ = {isa = PBXBuildFile; fileRef = 20CF5E612003CE420012C8F3 /* Main.storyboard */; };
		20CF5E652003CE420012C8F3 /* Assets.xcassets in Resources */ = {isa = PBXBuildFile; fileRef = 20CF5E642003CE420012C8F3 /* Assets.xcassets */; };
		20CF5E682003CE420012C8F3 /* LaunchScreen.storyboard in Resources */ = {isa = PBXBuildFile; fileRef = 20CF5E662003CE420012C8F3 /* LaunchScreen.storyboard */; };
		753974CD37D2E3386E2D2D9D /* Pods_SenditProject.framework in Frameworks */ = {isa = PBXBuildFile; fileRef = 229491268DD79234FAB3569C /* Pods_SenditProject.framework */; };
/* End PBXBuildFile section */

/* Begin PBXFileReference section */
		20316FD22005C3D000C3033D /* MainViewController.swift */ = {isa = PBXFileReference; fileEncoding = 4; lastKnownFileType = sourcecode.swift; path = MainViewController.swift; sourceTree = "<group>"; };
		20BE5C872005C5950026AFBC /* HTTPSessionManager.swift */ = {isa = PBXFileReference; fileEncoding = 4; lastKnownFileType = sourcecode.swift; path = HTTPSessionManager.swift; sourceTree = "<group>"; };
		20BE5C882005C5950026AFBC /* ObjectEvent.swift */ = {isa = PBXFileReference; fileEncoding = 4; lastKnownFileType = sourcecode.swift; path = ObjectEvent.swift; sourceTree = "<group>"; };
		20BE5C8B2005C5A50026AFBC /* placeholder.png */ = {isa = PBXFileReference; lastKnownFileType = image.png; path = placeholder.png; sourceTree = "<group>"; };
		20BE5C8D2005C7310026AFBC /* InitBL.swift */ = {isa = PBXFileReference; fileEncoding = 4; lastKnownFileType = sourcecode.swift; path = InitBL.swift; sourceTree = "<group>"; };
		20BE5C922005D35F0026AFBC /* SenditCoreData.xcdatamodel */ = {isa = PBXFileReference; lastKnownFileType = wrapper.xcdatamodel; path = SenditCoreData.xcdatamodel; sourceTree = "<group>"; };
		20BE5CA42005DA180026AFBC /* ItemModel.swift */ = {isa = PBXFileReference; fileEncoding = 4; lastKnownFileType = sourcecode.swift; path = ItemModel.swift; sourceTree = "<group>"; };
		20BE5CAA2005DCCF0026AFBC /* Item+CoreDataClass.swift */ = {isa = PBXFileReference; fileEncoding = 4; lastKnownFileType = sourcecode.swift; path = "Item+CoreDataClass.swift"; sourceTree = "<group>"; };
		20BE5CAB2005DCCF0026AFBC /* Item+CoreDataProperties.swift */ = {isa = PBXFileReference; fileEncoding = 4; lastKnownFileType = sourcecode.swift; path = "Item+CoreDataProperties.swift"; sourceTree = "<group>"; };
		20BE5CAE2005DD940026AFBC /* CoreDataAdapter.swift */ = {isa = PBXFileReference; fileEncoding = 4; lastKnownFileType = sourcecode.swift; path = CoreDataAdapter.swift; sourceTree = "<group>"; };
		20BE5CB020060A880026AFBC /* ItemTableViewCell.swift */ = {isa = PBXFileReference; fileEncoding = 4; lastKnownFileType = sourcecode.swift; path = ItemTableViewCell.swift; sourceTree = "<group>"; };
		20BE5CB220060D2A0026AFBC /* ItemViewModel.swift */ = {isa = PBXFileReference; fileEncoding = 4; lastKnownFileType = sourcecode.swift; path = ItemViewModel.swift; sourceTree = "<group>"; };
		20CF5E5A2003CE420012C8F3 /* SenditProject.app */ = {isa = PBXFileReference; explicitFileType = wrapper.application; includeInIndex = 0; path = SenditProject.app; sourceTree = BUILT_PRODUCTS_DIR; };
		20CF5E5D2003CE420012C8F3 /* AppDelegate.swift */ = {isa = PBXFileReference; lastKnownFileType = sourcecode.swift; path = AppDelegate.swift; sourceTree = "<group>"; };
		20CF5E622003CE420012C8F3 /* Base */ = {isa = PBXFileReference; lastKnownFileType = file.storyboard; name = Base; path = Base.lproj/Main.storyboard; sourceTree = "<group>"; };
		20CF5E642003CE420012C8F3 /* Assets.xcassets */ = {isa = PBXFileReference; lastKnownFileType = folder.assetcatalog; path = Assets.xcassets; sourceTree = "<group>"; };
		20CF5E672003CE420012C8F3 /* Base */ = {isa = PBXFileReference; lastKnownFileType = file.storyboard; name = Base; path = Base.lproj/LaunchScreen.storyboard; sourceTree = "<group>"; };
		20CF5E692003CE420012C8F3 /* Info.plist */ = {isa = PBXFileReference; lastKnownFileType = text.plist.xml; path = Info.plist; sourceTree = "<group>"; };
		229491268DD79234FAB3569C /* Pods_SenditProject.framework */ = {isa = PBXFileReference; explicitFileType = wrapper.framework; includeInIndex = 0; path = Pods_SenditProject.framework; sourceTree = BUILT_PRODUCTS_DIR; };
		3488ED292E7E5D67C3D8B559 /* Pods-SenditProject.release.xcconfig */ = {isa = PBXFileReference; includeInIndex = 1; lastKnownFileType = text.xcconfig; name = "Pods-SenditProject.release.xcconfig"; path = "Pods/Target Support Files/Pods-SenditProject/Pods-SenditProject.release.xcconfig"; sourceTree = "<group>"; };
		F99D06CDDC043033ABD64EF5 /* Pods-SenditProject.debug.xcconfig */ = {isa = PBXFileReference; includeInIndex = 1; lastKnownFileType = text.xcconfig; name = "Pods-SenditProject.debug.xcconfig"; path = "Pods/Target Support Files/Pods-SenditProject/Pods-SenditProject.debug.xcconfig"; sourceTree = "<group>"; };
/* End PBXFileReference section */

/* Begin PBXFrameworksBuildPhase section */
		20CF5E572003CE420012C8F3 /* Frameworks */ = {
			isa = PBXFrameworksBuildPhase;
			buildActionMask = 2147483647;
			files = (
				753974CD37D2E3386E2D2D9D /* Pods_SenditProject.framework in Frameworks */,
			);
			runOnlyForDeploymentPostprocessing = 0;
		};
/* End PBXFrameworksBuildPhase section */

/* Begin PBXGroup section */
		0E05A13C3F3B109163EE39C9 /* Frameworks */ = {
			isa = PBXGroup;
			children = (
				229491268DD79234FAB3569C /* Pods_SenditProject.framework */,
			);
			name = Frameworks;
			sourceTree = "<group>";
		};
		20CF5E512003CE420012C8F3 = {
			isa = PBXGroup;
			children = (
				20CF5E5C2003CE420012C8F3 /* SenditProject */,
				20CF5E5B2003CE420012C8F3 /* Products */,
				E84472940DC7A15C35754C99 /* Pods */,
				0E05A13C3F3B109163EE39C9 /* Frameworks */,
			);
			sourceTree = "<group>";
		};
		20CF5E5B2003CE420012C8F3 /* Products */ = {
			isa = PBXGroup;
			children = (
				20CF5E5A2003CE420012C8F3 /* SenditProject.app */,
			);
			name = Products;
			sourceTree = "<group>";
		};
		20CF5E5C2003CE420012C8F3 /* SenditProject */ = {
			isa = PBXGroup;
			children = (
				20BE5CAA2005DCCF0026AFBC /* Item+CoreDataClass.swift */,
				20BE5CAB2005DCCF0026AFBC /* Item+CoreDataProperties.swift */,
				20BE5CA42005DA180026AFBC /* ItemModel.swift */,
				20BE5C8B2005C5A50026AFBC /* placeholder.png */,
				20BE5C872005C5950026AFBC /* HTTPSessionManager.swift */,
				20BE5C8D2005C7310026AFBC /* InitBL.swift */,
				20BE5C882005C5950026AFBC /* ObjectEvent.swift */,
				20CF5E5D2003CE420012C8F3 /* AppDelegate.swift */,
				20316FD22005C3D000C3033D /* MainViewController.swift */,
				20BE5CAE2005DD940026AFBC /* CoreDataAdapter.swift */,
				20CF5E612003CE420012C8F3 /* Main.storyboard */,
				20CF5E642003CE420012C8F3 /* Assets.xcassets */,
				20CF5E662003CE420012C8F3 /* LaunchScreen.storyboard */,
				20CF5E692003CE420012C8F3 /* Info.plist */,
				20BE5C912005D35F0026AFBC /* SenditCoreData.xcdatamodeld */,
				20BE5CB020060A880026AFBC /* ItemTableViewCell.swift */,
				20BE5CB220060D2A0026AFBC /* ItemViewModel.swift */,
			);
			path = SenditProject;
			sourceTree = "<group>";
		};
		E84472940DC7A15C35754C99 /* Pods */ = {
			isa = PBXGroup;
			children = (
				F99D06CDDC043033ABD64EF5 /* Pods-SenditProject.debug.xcconfig */,
				3488ED292E7E5D67C3D8B559 /* Pods-SenditProject.release.xcconfig */,
			);
			name = Pods;
			sourceTree = "<group>";
		};
/* End PBXGroup section */

/* Begin PBXNativeTarget section */
		20CF5E592003CE420012C8F3 /* SenditProject */ = {
			isa = PBXNativeTarget;
			buildConfigurationList = 20CF5E6C2003CE420012C8F3 /* Build configuration list for PBXNativeTarget "SenditProject" */;
			buildPhases = (
				62BDF5DC8EFC3F6FA5845F88 /* [CP] Check Pods Manifest.lock */,
				20CF5E562003CE420012C8F3 /* Sources */,
				20CF5E572003CE420012C8F3 /* Frameworks */,
				20CF5E582003CE420012C8F3 /* Resources */,
				DB04D304EA0B850F839B5344 /* [CP] Embed Pods Frameworks */,
				F20FFAF22100550D213A8E71 /* [CP] Copy Pods Resources */,
			);
			buildRules = (
			);
			dependencies = (
			);
			name = SenditProject;
			productName = SenditProject;
			productReference = 20CF5E5A2003CE420012C8F3 /* SenditProject.app */;
			productType = "com.apple.product-type.application";
		};
/* End PBXNativeTarget section */

/* Begin PBXProject section */
		20CF5E522003CE420012C8F3 /* Project object */ = {
			isa = PBXProject;
			attributes = {
				LastSwiftUpdateCheck = 0830;
				LastUpgradeCheck = 0830;
				ORGANIZATIONNAME = "Chaithat Sukra";
				TargetAttributes = {
					20CF5E592003CE420012C8F3 = {
						CreatedOnToolsVersion = 8.3.3;
						DevelopmentTeam = 9L4ETSWFUJ;
						ProvisioningStyle = Automatic;
					};
				};
			};
			buildConfigurationList = 20CF5E552003CE420012C8F3 /* Build configuration list for PBXProject "SenditProject" */;
			compatibilityVersion = "Xcode 3.2";
			developmentRegion = English;
			hasScannedForEncodings = 0;
			knownRegions = (
				en,
				Base,
			);
			mainGroup = 20CF5E512003CE420012C8F3;
			productRefGroup = 20CF5E5B2003CE420012C8F3 /* Products */;
			projectDirPath = "";
			projectRoot = "";
			targets = (
				20CF5E592003CE420012C8F3 /* SenditProject */,
			);
		};
/* End PBXProject section */

/* Begin PBXResourcesBuildPhase section */
		20CF5E582003CE420012C8F3 /* Resources */ = {
			isa = PBXResourcesBuildPhase;
			buildActionMask = 2147483647;
			files = (
				20CF5E682003CE420012C8F3 /* LaunchScreen.storyboard in Resources */,
				20BE5C8C2005C5A50026AFBC /* placeholder.png in Resources */,
				20CF5E652003CE420012C8F3 /* Assets.xcassets in Resources */,
				20CF5E632003CE420012C8F3 /* Main.storyboard in Resources */,
			);
			runOnlyForDeploymentPostprocessing = 0;
		};
/* End PBXResourcesBuildPhase section */

/* Begin PBXShellScriptBuildPhase section */
		62BDF5DC8EFC3F6FA5845F88 /* [CP] Check Pods Manifest.lock */ = {
			isa = PBXShellScriptBuildPhase;
			buildActionMask = 2147483647;
			files = (
			);
			inputPaths = (
				"${PODS_PODFILE_DIR_PATH}/Podfile.lock",
				"${PODS_ROOT}/Manifest.lock",
			);
			name = "[CP] Check Pods Manifest.lock";
			outputPaths = (
				"$(DERIVED_FILE_DIR)/Pods-SenditProject-checkManifestLockResult.txt",
			);
			runOnlyForDeploymentPostprocessing = 0;
			shellPath = /bin/sh;
			shellScript = "diff \"${PODS_PODFILE_DIR_PATH}/Podfile.lock\" \"${PODS_ROOT}/Manifest.lock\" > /dev/null\nif [ $? != 0 ] ; then\n    # print error to STDERR\n    echo \"error: The sandbox is not in sync with the Podfile.lock. Run 'pod install' or update your CocoaPods installation.\" >&2\n    exit 1\nfi\n# This output is used by Xcode 'outputs' to avoid re-running this script phase.\necho \"SUCCESS\" > \"${SCRIPT_OUTPUT_FILE_0}\"\n";
			showEnvVarsInLog = 0;
		};
		DB04D304EA0B850F839B5344 /* [CP] Embed Pods Frameworks */ = {
			isa = PBXShellScriptBuildPhase;
			buildActionMask = 2147483647;
			files = (
			);
			inputPaths = (
				"${SRCROOT}/Pods/Target Support Files/Pods-SenditProject/Pods-SenditProject-frameworks.sh",
				"${BUILT_PRODUCTS_DIR}/Alamofire/Alamofire.framework",
				"${BUILT_PRODUCTS_DIR}/AlamofireImage/AlamofireImage.framework",
			);
			name = "[CP] Embed Pods Frameworks";
			outputPaths = (
				"${TARGET_BUILD_DIR}/${FRAMEWORKS_FOLDER_PATH}/Alamofire.framework",
				"${TARGET_BUILD_DIR}/${FRAMEWORKS_FOLDER_PATH}/AlamofireImage.framework",
			);
			runOnlyForDeploymentPostprocessing = 0;
			shellPath = /bin/sh;
			shellScript = "\"${SRCROOT}/Pods/Target Support Files/Pods-SenditProject/Pods-SenditProject-frameworks.sh\"\n";
			showEnvVarsInLog = 0;
		};
		F20FFAF22100550D213A8E71 /* [CP] Copy Pods Resources */ = {
			isa = PBXShellScriptBuildPhase;
			buildActionMask = 2147483647;
			files = (
			);
			inputPaths = (
			);
			name = "[CP] Copy Pods Resources";
			outputPaths = (
			);
			runOnlyForDeploymentPostprocessing = 0;
			shellPath = /bin/sh;
			shellScript = "\"${SRCROOT}/Pods/Target Support Files/Pods-SenditProject/Pods-SenditProject-resources.sh\"\n";
			showEnvVarsInLog = 0;
		};
/* End PBXShellScriptBuildPhase section */

/* Begin PBXSourcesBuildPhase section */
		20CF5E562003CE420012C8F3 /* Sources */ = {
			isa = PBXSourcesBuildPhase;
			buildActionMask = 2147483647;
			files = (
				20BE5CA52005DA180026AFBC /* ItemModel.swift in Sources */,
				20CF5E5E2003CE420012C8F3 /* AppDelegate.swift in Sources */,
				20BE5CAF2005DD940026AFBC /* CoreDataAdapter.swift in Sources */,
				20BE5C8A2005C5950026AFBC /* ObjectEvent.swift in Sources */,
				20BE5CAC2005DCCF0026AFBC /* Item+CoreDataClass.swift in Sources */,
				20BE5CB320060D2A0026AFBC /* ItemViewModel.swift in Sources */,
				20BE5CAD2005DCCF0026AFBC /* Item+CoreDataProperties.swift in Sources */,
				20316FD32005C3D000C3033D /* MainViewController.swift in Sources */,
				20BE5C8E2005C7310026AFBC /* InitBL.swift in Sources */,
				20BE5C932005D35F0026AFBC /* SenditCoreData.xcdatamodeld in Sources */,
				20BE5CB120060A880026AFBC /* ItemTableViewCell.swift in Sources */,
				20BE5C892005C5950026AFBC /* HTTPSessionManager.swift in Sources */,
			);
			runOnlyForDeploymentPostprocessing = 0;
		};
/* End PBXSourcesBuildPhase section */

/* Begin PBXVariantGroup section */
		20CF5E612003CE420012C8F3 /* Main.storyboard */ = {
			isa = PBXVariantGroup;
			children = (
				20CF5E622003CE420012C8F3 /* Base */,
			);
			name = Main.storyboard;
			sourceTree = "<group>";
		};
		20CF5E662003CE420012C8F3 /* LaunchScreen.storyboard */ = {
			isa = PBXVariantGroup;
			children = (
				20CF5E672003CE420012C8F3 /* Base */,
			);
			name = LaunchScreen.storyboard;
			sourceTree = "<group>";
		};
/* End PBXVariantGroup section */

/* Begin XCBuildConfiguration section */
		20CF5E6A2003CE420012C8F3 /* Debug */ = {
			isa = XCBuildConfiguration;
			buildSettings = {
				ALWAYS_SEARCH_USER_PATHS = NO;
				CLANG_ANALYZER_NONNULL = YES;
				CLANG_ANALYZER_NUMBER_OBJECT_CONVERSION = YES_AGGRESSIVE;
				CLANG_CXX_LANGUAGE_STANDARD = "gnu++0x";
				CLANG_CXX_LIBRARY = "libc++";
				CLANG_ENABLE_MODULES = YES;
				CLANG_ENABLE_OBJC_ARC = YES;
				CLANG_WARN_BOOL_CONVERSION = YES;
				CLANG_WARN_CONSTANT_CONVERSION = YES;
				CLANG_WARN_DIRECT_OBJC_ISA_USAGE = YES_ERROR;
				CLANG_WARN_DOCUMENTATION_COMMENTS = YES;
				CLANG_WARN_EMPTY_BODY = YES;
				CLANG_WARN_ENUM_CONVERSION = YES;
				CLANG_WARN_INFINITE_RECURSION = YES;
				CLANG_WARN_INT_CONVERSION = YES;
				CLANG_WARN_OBJC_ROOT_CLASS = YES_ERROR;
				CLANG_WARN_SUSPICIOUS_MOVE = YES;
				CLANG_WARN_UNREACHABLE_CODE = YES;
				CLANG_WARN__DUPLICATE_METHOD_MATCH = YES;
				"CODE_SIGN_IDENTITY[sdk=iphoneos*]" = "iPhone Developer";
				COPY_PHASE_STRIP = NO;
				DEBUG_INFORMATION_FORMAT = dwarf;
				ENABLE_STRICT_OBJC_MSGSEND = YES;
				ENABLE_TESTABILITY = YES;
				GCC_C_LANGUAGE_STANDARD = gnu99;
				GCC_DYNAMIC_NO_PIC = NO;
				GCC_NO_COMMON_BLOCKS = YES;
				GCC_OPTIMIZATION_LEVEL = 0;
				GCC_PREPROCESSOR_DEFINITIONS = (
					"DEBUG=1",
					"$(inherited)",
				);
				GCC_WARN_64_TO_32_BIT_CONVERSION = YES;
				GCC_WARN_ABOUT_RETURN_TYPE = YES_ERROR;
				GCC_WARN_UNDECLARED_SELECTOR = YES;
				GCC_WARN_UNINITIALIZED_AUTOS = YES_AGGRESSIVE;
				GCC_WARN_UNUSED_FUNCTION = YES;
				GCC_WARN_UNUSED_VARIABLE = YES;
				IPHONEOS_DEPLOYMENT_TARGET = 10.3;
				MTL_ENABLE_DEBUG_INFO = YES;
				ONLY_ACTIVE_ARCH = YES;
				SDKROOT = iphoneos;
				SWIFT_ACTIVE_COMPILATION_CONDITIONS = DEBUG;
				SWIFT_OPTIMIZATION_LEVEL = "-Onone";
			};
			name = Debug;
		};
		20CF5E6B2003CE420012C8F3 /* Release */ = {
			isa = XCBuildConfiguration;
			buildSettings = {
				ALWAYS_SEARCH_USER_PATHS = NO;
				CLANG_ANALYZER_NONNULL = YES;
				CLANG_ANALYZER_NUMBER_OBJECT_CONVERSION = YES_AGGRESSIVE;
				CLANG_CXX_LANGUAGE_STANDARD = "gnu++0x";
				CLANG_CXX_LIBRARY = "libc++";
				CLANG_ENABLE_MODULES = YES;
				CLANG_ENABLE_OBJC_ARC = YES;
				CLANG_WARN_BOOL_CONVERSION = YES;
				CLANG_WARN_CONSTANT_CONVERSION = YES;
				CLANG_WARN_DIRECT_OBJC_ISA_USAGE = YES_ERROR;
				CLANG_WARN_DOCUMENTATION_COMMENTS = YES;
				CLANG_WARN_EMPTY_BODY = YES;
				CLANG_WARN_ENUM_CONVERSION = YES;
				CLANG_WARN_INFINITE_RECURSION = YES;
				CLANG_WARN_INT_CONVERSION = YES;
				CLANG_WARN_OBJC_ROOT_CLASS = YES_ERROR;
				CLANG_WARN_SUSPICIOUS_MOVE = YES;
				CLANG_WARN_UNREACHABLE_CODE = YES;
				CLANG_WARN__DUPLICATE_METHOD_MATCH = YES;
				"CODE_SIGN_IDENTITY[sdk=iphoneos*]" = "iPhone Developer";
				COPY_PHASE_STRIP = NO;
				DEBUG_INFORMATION_FORMAT = "dwarf-with-dsym";
				ENABLE_NS_ASSERTIONS = NO;
				ENABLE_STRICT_OBJC_MSGSEND = YES;
				GCC_C_LANGUAGE_STANDARD = gnu99;
				GCC_NO_COMMON_BLOCKS = YES;
				GCC_WARN_64_TO_32_BIT_CONVERSION = YES;
				GCC_WARN_ABOUT_RETURN_TYPE = YES_ERROR;
				GCC_WARN_UNDECLARED_SELECTOR = YES;
				GCC_WARN_UNINITIALIZED_AUTOS = YES_AGGRESSIVE;
				GCC_WARN_UNUSED_FUNCTION = YES;
				GCC_WARN_UNUSED_VARIABLE = YES;
				IPHONEOS_DEPLOYMENT_TARGET = 10.3;
				MTL_ENABLE_DEBUG_INFO = NO;
				SDKROOT = iphoneos;
				SWIFT_OPTIMIZATION_LEVEL = "-Owholemodule";
				VALIDATE_PRODUCT = YES;
			};
			name = Release;
		};
		20CF5E6D2003CE420012C8F3 /* Debug */ = {
			isa = XCBuildConfiguration;
			baseConfigurationReference = F99D06CDDC043033ABD64EF5 /* Pods-SenditProject.debug.xcconfig */;
			buildSettings = {
				ASSETCATALOG_COMPILER_APPICON_NAME = AppIcon;
				DEVELOPMENT_TEAM = 9L4ETSWFUJ;
				INFOPLIST_FILE = SenditProject/Info.plist;
				LD_RUNPATH_SEARCH_PATHS = "$(inherited) @executable_path/Frameworks";
				PRODUCT_BUNDLE_IDENTIFIER = iChaithat.SenditProject;
				PRODUCT_NAME = "$(TARGET_NAME)";
				SWIFT_VERSION = 3.0;
			};
			name = Debug;
		};
		20CF5E6E2003CE420012C8F3 /* Release */ = {
			isa = XCBuildConfiguration;
			baseConfigurationReference = 3488ED292E7E5D67C3D8B559 /* Pods-SenditProject.release.xcconfig */;
			buildSettings = {
				ASSETCATALOG_COMPILER_APPICON_NAME = AppIcon;
				DEVELOPMENT_TEAM = 9L4ETSWFUJ;
				INFOPLIST_FILE = SenditProject/Info.plist;
				LD_RUNPATH_SEARCH_PATHS = "$(inherited) @executable_path/Frameworks";
				PRODUCT_BUNDLE_IDENTIFIER = iChaithat.SenditProject;
				PRODUCT_NAME = "$(TARGET_NAME)";
				SWIFT_VERSION = 3.0;
			};
			name = Release;
		};
/* End XCBuildConfiguration section */

/* Begin XCConfigurationList section */
		20CF5E552003CE420012C8F3 /* Build configuration list for PBXProject "SenditProject" */ = {
			isa = XCConfigurationList;
			buildConfigurations = (
				20CF5E6A2003CE420012C8F3 /* Debug */,
				20CF5E6B2003CE420012C8F3 /* Release */,
			);
			defaultConfigurationIsVisible = 0;
			defaultConfigurationName = Release;
		};
		20CF5E6C2003CE420012C8F3 /* Build configuration list for PBXNativeTarget "SenditProject" */ = {
			isa = XCConfigurationList;
			buildConfigurations = (
				20CF5E6D2003CE420012C8F3 /* Debug */,
				20CF5E6E2003CE420012C8F3 /* Release */,
			);
			defaultConfigurationIsVisible = 0;
			defaultConfigurationName = Release;
		};
/* End XCConfigurationList section */

/* Begin XCVersionGroup section */
		20BE5C912005D35F0026AFBC /* SenditCoreData.xcdatamodeld */ = {
			isa = XCVersionGroup;
			children = (
				20BE5C922005D35F0026AFBC /* SenditCoreData.xcdatamodel */,
			);
			currentVersion = 20BE5C922005D35F0026AFBC /* SenditCoreData.xcdatamodel */;
			path = SenditCoreData.xcdatamodeld;
			sourceTree = "<group>";
			versionGroupType = wrapper.xcdatamodel;
		};
/* End XCVersionGroup section */
	};
	rootObject = 20CF5E522003CE420012C8F3 /* Project object */;
}
